
Microsoft Visual Studio Solution File, Format Version 12.00
# Visual Studio Version 16
VisualStudioVersion = 16.0.28803.352
MinimumVisualStudioVersion = 10.0.40219.1
Project("{FAE04EC0-301F-11D3-BF4B-00C04F79EFBC}") = "Di.Sample", "Di.Sample\Di.Sample.csproj", "{993B5C79-7644-4F84-858D-AC1D53705145}"
EndProject
Global
	GlobalSection(SolutionConfigurationPlatforms) = preSolution
		Debug|Any CPU = Debug|Any CPU
		Release|Any CPU = Release|Any CPU
	EndGlobalSection
	GlobalSection(ProjectConfigurationPlatforms) = postSolution
		{993B5C79-7644-4F84-858D-AC1D53705145}.Debug|Any CPU.ActiveCfg = Debug|Any CPU
		{993B5C79-7644-4F84-858D-AC1D53705145}.Debug|Any CPU.Build.0 = Debug|Any CPU
		{993B5C79-7644-4F84-858D-AC1D53705145}.Release|Any CPU.ActiveCfg = Release|Any CPU
		{993B5C79-7644-4F84-858D-AC1D53705145}.Release|Any CPU.Build.0 = Release|Any CPU
	EndGlobalSection
	GlobalSection(SolutionProperties) = preSolution
		HideSolutionNode = FALSE
	EndGlobalSection
	GlobalSection(ExtensibilityGlobals) = postSolution
		SolutionGuid = {B63E8152-08A6-497A-A5EF-7CBF2D62C6FB}
	EndGlobalSection
EndGlobal
